// !$*UTF8*$!
{
	archiveVersion = 1;
	classes = {
	};
	objectVersion = 50;
	objects = {

/* Begin PBXBuildFile section */
		35C4D75520EE2A6400496934 /* AppDelegate.swift in Sources */ = {isa = PBXBuildFile; fileRef = 35C4D75420EE2A6400496934 /* AppDelegate.swift */; };
		35C4D75720EE2A6400496934 /* ViewController.swift in Sources */ = {isa = PBXBuildFile; fileRef = 35C4D75620EE2A6400496934 /* ViewController.swift */; };
		35C4D75A20EE2A6400496934 /* Main.storyboard in Resources */ = {isa = PBXBuildFile; fileRef = 35C4D75820EE2A6400496934 /* Main.storyboard */; };
		35C4D75C20EE2A6600496934 /* Assets.xcassets in Resources */ = {isa = PBXBuildFile; fileRef = 35C4D75B20EE2A6600496934 /* Assets.xcassets */; };
		35C4D75F20EE2A6600496934 /* LaunchScreen.storyboard in Resources */ = {isa = PBXBuildFile; fileRef = 35C4D75D20EE2A6600496934 /* LaunchScreen.storyboard */; };
		35F3E0DB210865D000925F57 /* AboutViewController.swift in Sources */ = {isa = PBXBuildFile; fileRef = 35F3E0DA210865D000925F57 /* AboutViewController.swift */; };
		35F3E0DD210877FA00925F57 /* AboutMeViewController.swift in Sources */ = {isa = PBXBuildFile; fileRef = 35F3E0DC210877FA00925F57 /* AboutMeViewController.swift */; };
		A8EBBECC21F719420027D3F2 /* Simulator Screen Shot - iPhone SE - 2019-01-22 at 15.22.21.png in Resources */ = {isa = PBXBuildFile; fileRef = A8EBBECB21F719420027D3F2 /* Simulator Screen Shot - iPhone SE - 2019-01-22 at 15.22.21.png */; };
/* End PBXBuildFile section */

/* Begin PBXFileReference section */
		35C4D75120EE2A6400496934 /* BullsEye.app */ = {isa = PBXFileReference; explicitFileType = wrapper.application; includeInIndex = 0; path = BullsEye.app; sourceTree = BUILT_PRODUCTS_DIR; };
		35C4D75420EE2A6400496934 /* AppDelegate.swift */ = {isa = PBXFileReference; lastKnownFileType = sourcecode.swift; path = AppDelegate.swift; sourceTree = "<group>"; };
		35C4D75620EE2A6400496934 /* ViewController.swift */ = {isa = PBXFileReference; lastKnownFileType = sourcecode.swift; path = ViewController.swift; sourceTree = "<group>"; };
		35C4D75920EE2A6400496934 /* Base */ = {isa = PBXFileReference; lastKnownFileType = file.storyboard; name = Base; path = Base.lproj/Main.storyboard; sourceTree = "<group>"; };
		35C4D75B20EE2A6600496934 /* Assets.xcassets */ = {isa = PBXFileReference; lastKnownFileType = folder.assetcatalog; path = Assets.xcassets; sourceTree = "<group>"; };
		35C4D75E20EE2A6600496934 /* Base */ = {isa = PBXFileReference; lastKnownFileType = file.storyboard; name = Base; path = Base.lproj/LaunchScreen.storyboard; sourceTree = "<group>"; };
		35C4D76020EE2A6600496934 /* Info.plist */ = {isa = PBXFileReference; lastKnownFileType = text.plist.xml; path = Info.plist; sourceTree = "<group>"; };
		35F3E0DA210865D000925F57 /* AboutViewController.swift */ = {isa = PBXFileReference; lastKnownFileType = sourcecode.swift; path = AboutViewController.swift; sourceTree = "<group>"; };
		35F3E0DC210877FA00925F57 /* AboutMeViewController.swift */ = {isa = PBXFileReference; lastKnownFileType = sourcecode.swift; path = AboutMeViewController.swift; sourceTree = "<group>"; };
		A8EBBECB21F719420027D3F2 /* Simulator Screen Shot - iPhone SE - 2019-01-22 at 15.22.21.png */ = {isa = PBXFileReference; lastKnownFileType = image.png; path = "Simulator Screen Shot - iPhone SE - 2019-01-22 at 15.22.21.png"; sourceTree = "<group>"; };
/* End PBXFileReference section */

/* Begin PBXFrameworksBuildPhase section */
		35C4D74E20EE2A6400496934 /* Frameworks */ = {
			isa = PBXFrameworksBuildPhase;
			buildActionMask = 2147483647;
			files = (
			);
			runOnlyForDeploymentPostprocessing = 0;
		};
/* End PBXFrameworksBuildPhase section */

/* Begin PBXGroup section */
		35C4D74820EE2A6400496934 = {
			isa = PBXGroup;
			children = (
				A8EBBECB21F719420027D3F2 /* Simulator Screen Shot - iPhone SE - 2019-01-22 at 15.22.21.png */,
				35C4D75320EE2A6400496934 /* BullsEye */,
				35C4D75220EE2A6400496934 /* Products */,
			);
			sourceTree = "<group>";
		};
		35C4D75220EE2A6400496934 /* Products */ = {
			isa = PBXGroup;
			children = (
				35C4D75120EE2A6400496934 /* BullsEye.app */,
			);
			name = Products;
			sourceTree = "<group>";
		};
		35C4D75320EE2A6400496934 /* BullsEye */ = {
			isa = PBXGroup;
			children = (
				35F3E0DA210865D000925F57 /* AboutViewController.swift */,
				35C4D75420EE2A6400496934 /* AppDelegate.swift */,
				35C4D75620EE2A6400496934 /* ViewController.swift */,
				35C4D75820EE2A6400496934 /* Main.storyboard */,
				35F3E0DC210877FA00925F57 /* AboutMeViewController.swift */,
				35C4D75B20EE2A6600496934 /* Assets.xcassets */,
				35C4D75D20EE2A6600496934 /* LaunchScreen.storyboard */,
				35C4D76020EE2A6600496934 /* Info.plist */,
			);
			path = BullsEye;
			sourceTree = "<group>";
		};
/* End PBXGroup section */

/* Begin PBXNativeTarget section */
		35C4D75020EE2A6400496934 /* BullsEye */ = {
			isa = PBXNativeTarget;
			buildConfigurationList = 35C4D76320EE2A6600496934 /* Build configuration list for PBXNativeTarget "BullsEye" */;
			buildPhases = (
				35C4D74D20EE2A6400496934 /* Sources */,
				35C4D74E20EE2A6400496934 /* Frameworks */,
				35C4D74F20EE2A6400496934 /* Resources */,
			);
			buildRules = (
			);
			dependencies = (
			);
			name = BullsEye;
			productName = BullsEye;
			productReference = 35C4D75120EE2A6400496934 /* BullsEye.app */;
			productType = "com.apple.product-type.application";
		};
/* End PBXNativeTarget section */

/* Begin PBXProject section */
		35C4D74920EE2A6400496934 /* Project object */ = {
			isa = PBXProject;
			attributes = {
				LastSwiftUpdateCheck = 0930;
				LastUpgradeCheck = 0930;
				ORGANIZATIONNAME = Shihab;
				TargetAttributes = {
					35C4D75020EE2A6400496934 = {
						CreatedOnToolsVersion = 9.3.1;
					};
				};
			};
			buildConfigurationList = 35C4D74C20EE2A6400496934 /* Build configuration list for PBXProject "BullsEye" */;
			compatibilityVersion = "Xcode 9.3";
			developmentRegion = en;
			hasScannedForEncodings = 0;
			knownRegions = (
				en,
				Base,
			);
			mainGroup = 35C4D74820EE2A6400496934;
			productRefGroup = 35C4D75220EE2A6400496934 /* Products */;
			projectDirPath = "";
			projectRoot = "";
			targets = (
				35C4D75020EE2A6400496934 /* BullsEye */,
			);
		};
/* End PBXProject section */

/* Begin PBXResourcesBuildPhase section */
		35C4D74F20EE2A6400496934 /* Resources */ = {
			isa = PBXResourcesBuildPhase;
			buildActionMask = 2147483647;
			files = (
				35C4D75F20EE2A6600496934 /* LaunchScreen.storyboard in Resources */,
				A8EBBECC21F719420027D3F2 /* Simulator Screen Shot - iPhone SE - 2019-01-22 at 15.22.21.png in Resources */,
				35C4D75C20EE2A6600496934 /* Assets.xcassets in Resources */,
				35C4D75A20EE2A6400496934 /* Main.storyboard in Resources */,
			);
			runOnlyForDeploymentPostprocessing = 0;
		};
/* End PBXResourcesBuildPhase section */

/* Begin PBXSourcesBuildPhase section */
		35C4D74D20EE2A6400496934 /* Sources */ = {
			isa = PBXSourcesBuildPhase;
			buildActionMask = 2147483647;
			files = (
				35F3E0DB210865D000925F57 /* AboutViewController.swift in Sources */,
				35C4D75720EE2A6400496934 /* ViewController.swift in Sources */,
				35F3E0DD210877FA00925F57 /* AboutMeViewController.swift in Sources */,
				35C4D75520EE2A6400496934 /* AppDelegate.swift in Sources */,
			);
			runOnlyForDeploymentPostprocessing = 0;
		};
/* End PBXSourcesBuildPhase section */

/* Begin PBXVariantGroup section */
		35C4D75820EE2A6400496934 /* Main.storyboard */ = {
			isa = PBXVariantGroup;
			children = (
				35C4D75920EE2A6400496934 /* Base */,
			);
			name = Main.storyboard;
			sourceTree = "<group>";
		};
		35C4D75D20EE2A6600496934 /* LaunchScreen.storyboard */ = {
			isa = PBXVariantGroup;
			children = (
				35C4D75E20EE2A6600496934 /* Base */,
			);
			name = LaunchScreen.storyboard;
			sourceTree = "<group>";
		};
/* End PBXVariantGroup section */

/* Begin XCBuildConfiguration section */
		35C4D76120EE2A6600496934 /* Debug */ = {
			isa = XCBuildConfiguration;
			buildSettings = {
				ALWAYS_SEARCH_USER_PATHS = NO;
				CLANG_ANALYZER_NONNULL = YES;
				CLANG_ANALYZER_NUMBER_OBJECT_CONVERSION = YES_AGGRESSIVE;
				CLANG_CXX_LANGUAGE_STANDARD = "gnu++14";
				CLANG_CXX_LIBRARY = "libc++";
				CLANG_ENABLE_MODULES = YES;
				CLANG_ENABLE_OBJC_ARC = YES;
				CLANG_ENABLE_OBJC_WEAK = YES;
				CLANG_WARN_BLOCK_CAPTURE_AUTORELEASING = YES;
				CLANG_WARN_BOOL_CONVERSION = YES;
				CLANG_WARN_COMMA = YES;
				CLANG_WARN_CONSTANT_CONVERSION = YES;
				CLANG_WARN_DEPRECATED_OBJC_IMPLEMENTATIONS = YES;
				CLANG_WARN_DIRECT_OBJC_ISA_USAGE = YES_ERROR;
				CLANG_WARN_DOCUMENTATION_COMMENTS = YES;
				CLANG_WARN_EMPTY_BODY = YES;
				CLANG_WARN_ENUM_CONVERSION = YES;
				CLANG_WARN_INFINITE_RECURSION = YES;
				CLANG_WARN_INT_CONVERSION = YES;
				CLANG_WARN_NON_LITERAL_NULL_CONVERSION = YES;
				CLANG_WARN_OBJC_IMPLICIT_RETAIN_SELF = YES;
				CLANG_WARN_OBJC_LITERAL_CONVERSION = YES;
				CLANG_WARN_OBJC_ROOT_CLASS = YES_ERROR;
				CLANG_WARN_RANGE_LOOP_ANALYSIS = YES;
				CLANG_WARN_STRICT_PROTOTYPES = YES;
				CLANG_WARN_SUSPICIOUS_MOVE = YES;
				CLANG_WARN_UNGUARDED_AVAILABILITY = YES_AGGRESSIVE;
				CLANG_WARN_UNREACHABLE_CODE = YES;
				CLANG_WARN__DUPLICATE_METHOD_MATCH = YES;
				CODE_SIGN_IDENTITY = "iPhone Developer";
				COPY_PHASE_STRIP = NO;
				DEBUG_INFORMATION_FORMAT = dwarf;
				ENABLE_STRICT_OBJC_MSGSEND = YES;
				ENABLE_TESTABILITY = YES;
				GCC_C_LANGUAGE_STANDARD = gnu11;
				GCC_DYNAMIC_NO_PIC = NO;
				GCC_NO_COMMON_BLOCKS = YES;
				GCC_OPTIMIZATION_LEVEL = 0;
				GCC_PREPROCESSOR_DEFINITIONS = (
					"DEBUG=1",
					"$(inherited)",
				);
				GCC_WARN_64_TO_32_BIT_CONVERSION = YES;
				GCC_WARN_ABOUT_RETURN_TYPE = YES_ERROR;
				GCC_WARN_UNDECLARED_SELECTOR = YES;
				GCC_WARN_UNINITIALIZED_AUTOS = YES_AGGRESSIVE;
				GCC_WARN_UNUSED_FUNCTION = YES;
				GCC_WARN_UNUSED_VARIABLE = YES;
				IPHONEOS_DEPLOYMENT_TARGET = 11.3;
				MTL_ENABLE_DEBUG_INFO = YES;
				ONLY_ACTIVE_ARCH = YES;
				SDKROOT = iphoneos;
				SWIFT_ACTIVE_COMPILATION_CONDITIONS = DEBUG;
				SWIFT_OPTIMIZATION_LEVEL = "-Onone";
			};
			name = Debug;
		};
		35C4D76220EE2A6600496934 /* Release */ = {
			isa = XCBuildConfiguration;
			buildSettings = {
				ALWAYS_SEARCH_USER_PATHS = NO;
				CLANG_ANALYZER_NONNULL = YES;
				CLANG_ANALYZER_NUMBER_OBJECT_CONVERSION = YES_AGGRESSIVE;
				CLANG_CXX_LANGUAGE_STANDARD = "gnu++14";
				CLANG_CXX_LIBRARY = "libc++";
				CLANG_ENABLE_MODULES = YES;
				CLANG_ENABLE_OBJC_ARC = YES;
				CLANG_ENABLE_OBJC_WEAK = YES;
				CLANG_WARN_BLOCK_CAPTURE_AUTORELEASING = YES;
				CLANG_WARN_BOOL_CONVERSION = YES;
				CLANG_WARN_COMMA = YES;
				CLANG_WARN_CONSTANT_CONVERSION = YES;
				CLANG_WARN_DEPRECATED_OBJC_IMPLEMENTATIONS = YES;
				CLANG_WARN_DIRECT_OBJC_ISA_USAGE = YES_ERROR;
				CLANG_WARN_DOCUMENTATION_COMMENTS = YES;
				CLANG_WARN_EMPTY_BODY = YES;
				CLANG_WARN_ENUM_CONVERSION = YES;
				CLANG_WARN_INFINITE_RECURSION = YES;
				CLANG_WARN_INT_CONVERSION = YES;
				CLANG_WARN_NON_LITERAL_NULL_CONVERSION = YES;
				CLANG_WARN_OBJC_IMPLICIT_RETAIN_SELF = YES;
				CLANG_WARN_OBJC_LITERAL_CONVERSION = YES;
				CLANG_WARN_OBJC_ROOT_CLASS = YES_ERROR;
				CLANG_WARN_RANGE_LOOP_ANALYSIS = YES;
				CLANG_WARN_STRICT_PROTOTYPES = YES;
				CLANG_WARN_SUSPICIOUS_MOVE = YES;
				CLANG_WARN_UNGUARDED_AVAILABILITY = YES_AGGRESSIVE;
				CLANG_WARN_UNREACHABLE_CODE = YES;
				CLANG_WARN__DUPLICATE_METHOD_MATCH = YES;
				CODE_SIGN_IDENTITY = "iPhone Developer";
				COPY_PHASE_STRIP = NO;
				DEBUG_INFORMATION_FORMAT = "dwarf-with-dsym";
				ENABLE_NS_ASSERTIONS = NO;
				ENABLE_STRICT_OBJC_MSGSEND = YES;
				GCC_C_LANGUAGE_STANDARD = gnu11;
				GCC_NO_COMMON_BLOCKS = YES;
				GCC_WARN_64_TO_32_BIT_CONVERSION = YES;
				GCC_WARN_ABOUT_RETURN_TYPE = YES_ERROR;
				GCC_WARN_UNDECLARED_SELECTOR = YES;
				GCC_WARN_UNINITIALIZED_AUTOS = YES_AGGRESSIVE;
				GCC_WARN_UNUSED_FUNCTION = YES;
				GCC_WARN_UNUSED_VARIABLE = YES;
				IPHONEOS_DEPLOYMENT_TARGET = 11.3;
				MTL_ENABLE_DEBUG_INFO = NO;
				SDKROOT = iphoneos;
				SWIFT_COMPILATION_MODE = wholemodule;
				SWIFT_OPTIMIZATION_LEVEL = "-O";
				VALIDATE_PRODUCT = YES;
			};
			name = Release;
		};
		35C4D76420EE2A6600496934 /* Debug */ = {
			isa = XCBuildConfiguration;
			buildSettings = {
				ASSETCATALOG_COMPILER_APPICON_NAME = AppIcon;
				CODE_SIGN_STYLE = Automatic;
				INFOPLIST_FILE = BullsEye/Info.plist;
				LD_RUNPATH_SEARCH_PATHS = (
					"$(inherited)",
					"@executable_path/Frameworks",
				);
				PRODUCT_BUNDLE_IDENTIFIER = shihab.BullsEye;
				PRODUCT_NAME = "$(TARGET_NAME)";
				SWIFT_VERSION = 4.0;
				TARGETED_DEVICE_FAMILY = "1,2";
			};
			name = Debug;
		};
		35C4D76520EE2A6600496934 /* Release */ = {
			isa = XCBuildConfiguration;
			buildSettings = {
				ASSETCATALOG_COMPILER_APPICON_NAME = AppIcon;
				CODE_SIGN_STYLE = Automatic;
				INFOPLIST_FILE = BullsEye/Info.plist;
				LD_RUNPATH_SEARCH_PATHS = (
					"$(inherited)",
					"@executable_path/Frameworks",
				);
				PRODUCT_BUNDLE_IDENTIFIER = shihab.BullsEye;
				PRODUCT_NAME = "$(TARGET_NAME)";
				SWIFT_VERSION = 4.0;
				TARGETED_DEVICE_FAMILY = "1,2";
			};
			name = Release;
		};
/* End XCBuildConfiguration section */

/* Begin XCConfigurationList section */
		35C4D74C20EE2A6400496934 /* Build configuration list for PBXProject "BullsEye" */ = {
			isa = XCConfigurationList;
			buildConfigurations = (
				35C4D76120EE2A6600496934 /* Debug */,
				35C4D76220EE2A6600496934 /* Release */,
			);
			defaultConfigurationIsVisible = 0;
			defaultConfigurationName = Release;
		};
		35C4D76320EE2A6600496934 /* Build configuration list for PBXNativeTarget "BullsEye" */ = {
			isa = XCConfigurationList;
			buildConfigurations = (
				35C4D76420EE2A6600496934 /* Debug */,
				35C4D76520EE2A6600496934 /* Release */,
			);
			defaultConfigurationIsVisible = 0;
			defaultConfigurationName = Release;
		};
/* End XCConfigurationList section */
	};
	rootObject = 35C4D74920EE2A6400496934 /* Project object */;
}
